
Microsoft Visual Studio Solution File, Format Version 12.00
# Visual Studio Version 17
VisualStudioVersion = 17.5.33530.505
MinimumVisualStudioVersion = 10.0.40219.1
Project("{2150E333-8FDC-42A3-9474-1A3956D46DE8}") = "MVC", "MVC", "{488115CE-65DA-405A-A365-4F4254166103}"
EndProject
Project("{9A19103F-16F7-4668-BE54-9A1E7A4F7556}") = "Lesson002_Routing", "MVC\Lesson002_Routing\Lesson002_Routing.csproj", "{B39A4A2C-FAB9-4273-B204-0D4ECD18A6E1}"
EndProject
Project("{9A19103F-16F7-4668-BE54-9A1E7A4F7556}") = "Lesson001_Middleware", "MVC\Lesson001_Middleware\Lesson001_Middleware.csproj", "{CA028E26-1102-4079-9A88-AED7076BB037}"
EndProject
Project("{9A19103F-16F7-4668-BE54-9A1E7A4F7556}") = "Lesson003_DependencyInjection", "MVC\Lesson003_DependencyInjection\Lesson003_DependencyInjection.csproj", "{2538C8B9-5386-482E-80B5-104AE77E42E9}"
EndProject
Project("{9A19103F-16F7-4668-BE54-9A1E7A4F7556}") = "Lesson003_Autofac", "MVC\Lesson003_Autofac\Lesson003_Autofac.csproj", "{04DEDFEB-DABE-4701-914A-8582C718BDFD}"
EndProject
Project("{9A19103F-16F7-4668-BE54-9A1E7A4F7556}") = "Lesson004_Configuration", "MVC\Lesson004_Configuration\Lesson004_Configuration.csproj", "{E0913A76-BF5C-4BB4-AC36-2ADE631D6ACF}"
EndProject
Project("{9A19103F-16F7-4668-BE54-9A1E7A4F7556}") = "Lesson004_Configuration_Secret", "MVC\Lesson004_Configuration_Secret\Lesson004_Configuration_Secret.csproj", "{99C7C842-99F2-4D00-8E67-1FB26C211B99}"
EndProject
Project("{2150E333-8FDC-42A3-9474-1A3956D46DE8}") = "CSharp", "CSharp", "{B15ED4D1-C71B-4216-A981-3861EBD55597}"
EndProject
Project("{9A19103F-16F7-4668-BE54-9A1E7A4F7556}") = "Lesson001_ExtensionMethods", "CSharp\Lesson001_ExtensionMethods\Lesson001_ExtensionMethods.csproj", "{65C6ACE9-5898-4339-BD62-F9435E467EFF}"
EndProject
Project("{9A19103F-16F7-4668-BE54-9A1E7A4F7556}") = "Lesson002_AnonymousType", "CSharp\Lesson002_AnonymousType\Lesson002_AnonymousType.csproj", "{65948AEA-F492-48D5-9980-80FC9CB87D30}"
EndProject
Project("{9A19103F-16F7-4668-BE54-9A1E7A4F7556}") = "Lesson003_RecordType", "CSharp\Lesson003_RecordType\Lesson003_RecordType.csproj", "{EEF678DC-1EFB-40D5-881C-C1A052140E30}"
EndProject
Project("{2150E333-8FDC-42A3-9474-1A3956D46DE8}") = "DesingPatterns", "DesingPatterns", "{C0A74FF6-1325-4FF2-9A45-589A578CC56E}"
EndProject
Project("{9A19103F-16F7-4668-BE54-9A1E7A4F7556}") = "DPConsole", "DesingPatterns\DPConsole\DPConsole.csproj", "{7656A9DE-0F5B-4648-8DBE-63B90A2C0E27}"
EndProject
Project("{2150E333-8FDC-42A3-9474-1A3956D46DE8}") = "WebAPI", "WebAPI", "{6E15F60D-F618-439D-AEF5-518D2D2CC47F}"
EndProject
Project("{9A19103F-16F7-4668-BE54-9A1E7A4F7556}") = "Lesson004_Configuration_CustomJsonFile", "MVC\Lesson004_Configuration_CustomJsonFile\Lesson004_Configuration_CustomJsonFile.csproj", "{373393E2-A373-42A2-9F68-185D43FCE090}"
EndProject
Project("{9A19103F-16F7-4668-BE54-9A1E7A4F7556}") = "Lesson005_PartialView", "MVC\Lesson005_PartialView\Lesson005_PartialView.csproj", "{D9C1E7E4-C216-4DD8-8B38-BB8A361686A4}"
EndProject
Project("{9A19103F-16F7-4668-BE54-9A1E7A4F7556}") = "Lesson006_ViewComponent", "MVC\Lesson006_ViewComponent\Lesson006_ViewComponent.csproj", "{8468ABE0-B9D8-47E4-8571-6261504A6469}"
EndProject
Project("{9A19103F-16F7-4668-BE54-9A1E7A4F7556}") = "Lesson007_UsingTagHelper", "MVC\Lesson007_UsingTagHelper\Lesson007_UsingTagHelper.csproj", "{3DAEEB9F-A4F5-4BF1-9A90-BE2DDA924DDD}"
EndProject
Project("{9A19103F-16F7-4668-BE54-9A1E7A4F7556}") = "Lesson008_LocalFunction", "MVC\Lesson008_LocalFunction\Lesson008_LocalFunction.csproj", "{D95C8A9D-BB8E-426E-A8F9-DEAD24F465CB}"
EndProject
Project("{9A19103F-16F7-4668-BE54-9A1E7A4F7556}") = "Lesson009_ViewSection", "MVC\Lesson009_ViewSection\Lesson009_ViewSection.csproj", "{B1A80CA3-16F3-4C1C-AD11-B9B4953B58A4}"
EndProject
Project("{9A19103F-16F7-4668-BE54-9A1E7A4F7556}") = "Lesson010_HttpClient", "MVC\Lesson010_HttpClient\Lesson010_HttpClient.csproj", "{42F8C9A3-3CD4-4D27-B28B-080D478039C0}"
EndProject
Project("{9A19103F-16F7-4668-BE54-9A1E7A4F7556}") = "Lesson011_Identity", "MVC\Lesson011_Identity\Lesson011_Identity.csproj", "{5F97E532-72D8-4BF9-92B8-2CC1FB6A2E67}"
EndProject
Project("{9A19103F-16F7-4668-BE54-9A1E7A4F7556}") = "Lesson001_HelloWorld", "WebAPI\Lesson001_HelloWorld\Lesson001_HelloWorld.csproj", "{AC06CB33-D219-4DFE-9F53-98F4D80523C2}"
EndProject
Project("{9A19103F-16F7-4668-BE54-9A1E7A4F7556}") = "Lesson002_UsingEFCore", "WebAPI\Lesson002_UsingEFCore\Lesson002_UsingEFCore.csproj", "{D04EC31E-7644-41EA-A654-AB21CB3FA851}"
EndProject
Project("{9A19103F-16F7-4668-BE54-9A1E7A4F7556}") = "Lesson003_UsingSwagger", "WebAPI\Lesson003_UsingSwagger\Lesson003_UsingSwagger.csproj", "{E4A8435B-2831-4490-9A89-94210314A0D3}"
EndProject
Project("{9A19103F-16F7-4668-BE54-9A1E7A4F7556}") = "Lesson012_Environment", "MVC\Lesson0012_Environment\Lesson012_Environment.csproj", "{49F3DA0E-8443-4EF2-BEC5-EE850D7AFC69}"
EndProject
Project("{9A19103F-16F7-4668-BE54-9A1E7A4F7556}") = "Lesson013_Cookie", "MVC\Lesson013_Cookie\Lesson013_Cookie.csproj", "{645112AA-7885-4871-A583-7C2E827BD695}"
EndProject
Project("{9A19103F-16F7-4668-BE54-9A1E7A4F7556}") = "Lesson014_Session", "MVC\Lesson014_Session\Lesson014_Session.csproj", "{F5181023-6520-4781-B0CD-4FFB986CEA79}"
EndProject
Project("{9A19103F-16F7-4668-BE54-9A1E7A4F7556}") = "Lesson015_Caching", "MVC\Lesson015_Caching\Lesson015_Caching.csproj", "{E47125A4-9E2C-4302-B6C8-F0BF1EE4B7EE}"
EndProject
Project("{9A19103F-16F7-4668-BE54-9A1E7A4F7556}") = "Lesson016_Filters", "MVC\Lesson016_Filters\Lesson016_Filters.csproj", "{5295689F-6579-4A44-AE3F-897FA390D912}"
EndProject
Project("{9A19103F-16F7-4668-BE54-9A1E7A4F7556}") = "Lesson017_ExceptionHandling", "MVC\Lesson017_ExceptionHandling\Lesson017_ExceptionHandling.csproj", "{A925305D-4D53-4600-93E5-054FD70D9442}"
EndProject
Project("{9A19103F-16F7-4668-BE54-9A1E7A4F7556}") = "Lesson018_AreasAndIdentity", "MVC\Lesson018_AreasAndIdentity\Lesson018_AreasAndIdentity.csproj", "{3F8ABFFF-9A9F-4A76-A75E-D61F2A8BAEC2}"
EndProject
Project("{9A19103F-16F7-4668-BE54-9A1E7A4F7556}") = "Lesson019_FluentValidation", "MVC\Lesson019_FluentValidation\Lesson019_FluentValidation.csproj", "{90EEC4B2-C184-49E7-8406-EB8F2C041983}"
EndProject
Project("{9A19103F-16F7-4668-BE54-9A1E7A4F7556}") = "Lesson004_JWTToken", "WebAPI\Lesson004_JWTToken\Lesson004_JWTToken.csproj", "{488F2FA9-464C-48ED-BFB9-8E0A0C03926E}"
EndProject
Project("{2150E333-8FDC-42A3-9474-1A3956D46DE8}") = "Test", "Test", "{6A60AE22-956C-47B2-886C-1C3D85B7D92D}"
EndProject
Project("{9A19103F-16F7-4668-BE54-9A1E7A4F7556}") = "Lesson001_XUnitTest", "Test\Lesson001_XUnitTest\Lesson001_XUnitTest.csproj", "{C5A323A9-8508-4959-8388-D42E9B676E92}"
EndProject
Project("{9A19103F-16F7-4668-BE54-9A1E7A4F7556}") = "Entities", "Test\Entities\Entities.csproj", "{EA740525-BA1B-47FA-883B-0EC9646E4C58}"
EndProject
Project("{9A19103F-16F7-4668-BE54-9A1E7A4F7556}") = "ServiceContracts", "Test\ServiceContracts\ServiceContracts.csproj", "{59FCEBF9-E1FC-478D-9DF4-35F6BE1DF8D1}"
EndProject
Project("{9A19103F-16F7-4668-BE54-9A1E7A4F7556}") = "Lesson002_CRUDTests", "Test\Lesson002_CRUDTests\Lesson002_CRUDTests.csproj", "{948277FB-1CCE-452B-BC4A-9519DE00EAD1}"
EndProject
Project("{9A19103F-16F7-4668-BE54-9A1E7A4F7556}") = "Services", "Test\Services\Services.csproj", "{8DB34FCD-3072-4164-9830-ACC759BC2BE1}"
EndProject
Project("{2150E333-8FDC-42A3-9474-1A3956D46DE8}") = "TestApp", "TestApp", "{2465EEB9-45E8-4963-8541-57D0029C9B24}"
EndProject
Project("{9A19103F-16F7-4668-BE54-9A1E7A4F7556}") = "AppService", "Test\AppService\AppService.csproj", "{3D19805E-74A5-47D6-A7FE-3242A7648AC5}"
EndProject
Project("{9A19103F-16F7-4668-BE54-9A1E7A4F7556}") = "Lesson003_UnitTestMockDbContext", "Test\Lesson003_UnitTestMocking\Lesson003_UnitTestMockDbContext.csproj", "{4A9AB665-2391-4C93-A495-6CED96D4CD6E}"
EndProject
Global
	GlobalSection(SolutionConfigurationPlatforms) = preSolution
		Debug|Any CPU = Debug|Any CPU
		Release|Any CPU = Release|Any CPU
	EndGlobalSection
	GlobalSection(ProjectConfigurationPlatforms) = postSolution
		{B39A4A2C-FAB9-4273-B204-0D4ECD18A6E1}.Debug|Any CPU.ActiveCfg = Debug|Any CPU
		{B39A4A2C-FAB9-4273-B204-0D4ECD18A6E1}.Debug|Any CPU.Build.0 = Debug|Any CPU
		{B39A4A2C-FAB9-4273-B204-0D4ECD18A6E1}.Release|Any CPU.ActiveCfg = Release|Any CPU
		{B39A4A2C-FAB9-4273-B204-0D4ECD18A6E1}.Release|Any CPU.Build.0 = Release|Any CPU
		{CA028E26-1102-4079-9A88-AED7076BB037}.Debug|Any CPU.ActiveCfg = Debug|Any CPU
		{CA028E26-1102-4079-9A88-AED7076BB037}.Debug|Any CPU.Build.0 = Debug|Any CPU
		{CA028E26-1102-4079-9A88-AED7076BB037}.Release|Any CPU.ActiveCfg = Release|Any CPU
		{CA028E26-1102-4079-9A88-AED7076BB037}.Release|Any CPU.Build.0 = Release|Any CPU
		{2538C8B9-5386-482E-80B5-104AE77E42E9}.Debug|Any CPU.ActiveCfg = Debug|Any CPU
		{2538C8B9-5386-482E-80B5-104AE77E42E9}.Debug|Any CPU.Build.0 = Debug|Any CPU
		{2538C8B9-5386-482E-80B5-104AE77E42E9}.Release|Any CPU.ActiveCfg = Release|Any CPU
		{2538C8B9-5386-482E-80B5-104AE77E42E9}.Release|Any CPU.Build.0 = Release|Any CPU
		{04DEDFEB-DABE-4701-914A-8582C718BDFD}.Debug|Any CPU.ActiveCfg = Debug|Any CPU
		{04DEDFEB-DABE-4701-914A-8582C718BDFD}.Debug|Any CPU.Build.0 = Debug|Any CPU
		{04DEDFEB-DABE-4701-914A-8582C718BDFD}.Release|Any CPU.ActiveCfg = Release|Any CPU
		{04DEDFEB-DABE-4701-914A-8582C718BDFD}.Release|Any CPU.Build.0 = Release|Any CPU
		{E0913A76-BF5C-4BB4-AC36-2ADE631D6ACF}.Debug|Any CPU.ActiveCfg = Debug|Any CPU
		{E0913A76-BF5C-4BB4-AC36-2ADE631D6ACF}.Debug|Any CPU.Build.0 = Debug|Any CPU
		{E0913A76-BF5C-4BB4-AC36-2ADE631D6ACF}.Release|Any CPU.ActiveCfg = Release|Any CPU
		{E0913A76-BF5C-4BB4-AC36-2ADE631D6ACF}.Release|Any CPU.Build.0 = Release|Any CPU
		{99C7C842-99F2-4D00-8E67-1FB26C211B99}.Debug|Any CPU.ActiveCfg = Debug|Any CPU
		{99C7C842-99F2-4D00-8E67-1FB26C211B99}.Debug|Any CPU.Build.0 = Debug|Any CPU
		{99C7C842-99F2-4D00-8E67-1FB26C211B99}.Release|Any CPU.ActiveCfg = Release|Any CPU
		{99C7C842-99F2-4D00-8E67-1FB26C211B99}.Release|Any CPU.Build.0 = Release|Any CPU
		{65C6ACE9-5898-4339-BD62-F9435E467EFF}.Debug|Any CPU.ActiveCfg = Debug|Any CPU
		{65C6ACE9-5898-4339-BD62-F9435E467EFF}.Debug|Any CPU.Build.0 = Debug|Any CPU
		{65C6ACE9-5898-4339-BD62-F9435E467EFF}.Release|Any CPU.ActiveCfg = Release|Any CPU
		{65C6ACE9-5898-4339-BD62-F9435E467EFF}.Release|Any CPU.Build.0 = Release|Any CPU
		{65948AEA-F492-48D5-9980-80FC9CB87D30}.Debug|Any CPU.ActiveCfg = Debug|Any CPU
		{65948AEA-F492-48D5-9980-80FC9CB87D30}.Debug|Any CPU.Build.0 = Debug|Any CPU
		{65948AEA-F492-48D5-9980-80FC9CB87D30}.Release|Any CPU.ActiveCfg = Release|Any CPU
		{65948AEA-F492-48D5-9980-80FC9CB87D30}.Release|Any CPU.Build.0 = Release|Any CPU
		{EEF678DC-1EFB-40D5-881C-C1A052140E30}.Debug|Any CPU.ActiveCfg = Debug|Any CPU
		{EEF678DC-1EFB-40D5-881C-C1A052140E30}.Debug|Any CPU.Build.0 = Debug|Any CPU
		{EEF678DC-1EFB-40D5-881C-C1A052140E30}.Release|Any CPU.ActiveCfg = Release|Any CPU
		{EEF678DC-1EFB-40D5-881C-C1A052140E30}.Release|Any CPU.Build.0 = Release|Any CPU
		{7656A9DE-0F5B-4648-8DBE-63B90A2C0E27}.Debug|Any CPU.ActiveCfg = Debug|Any CPU
		{7656A9DE-0F5B-4648-8DBE-63B90A2C0E27}.Debug|Any CPU.Build.0 = Debug|Any CPU
		{7656A9DE-0F5B-4648-8DBE-63B90A2C0E27}.Release|Any CPU.ActiveCfg = Release|Any CPU
		{7656A9DE-0F5B-4648-8DBE-63B90A2C0E27}.Release|Any CPU.Build.0 = Release|Any CPU
		{373393E2-A373-42A2-9F68-185D43FCE090}.Debug|Any CPU.ActiveCfg = Debug|Any CPU
		{373393E2-A373-42A2-9F68-185D43FCE090}.Debug|Any CPU.Build.0 = Debug|Any CPU
		{373393E2-A373-42A2-9F68-185D43FCE090}.Release|Any CPU.ActiveCfg = Release|Any CPU
		{373393E2-A373-42A2-9F68-185D43FCE090}.Release|Any CPU.Build.0 = Release|Any CPU
		{D9C1E7E4-C216-4DD8-8B38-BB8A361686A4}.Debug|Any CPU.ActiveCfg = Debug|Any CPU
		{D9C1E7E4-C216-4DD8-8B38-BB8A361686A4}.Debug|Any CPU.Build.0 = Debug|Any CPU
		{D9C1E7E4-C216-4DD8-8B38-BB8A361686A4}.Release|Any CPU.ActiveCfg = Release|Any CPU
		{D9C1E7E4-C216-4DD8-8B38-BB8A361686A4}.Release|Any CPU.Build.0 = Release|Any CPU
		{8468ABE0-B9D8-47E4-8571-6261504A6469}.Debug|Any CPU.ActiveCfg = Debug|Any CPU
		{8468ABE0-B9D8-47E4-8571-6261504A6469}.Debug|Any CPU.Build.0 = Debug|Any CPU
		{8468ABE0-B9D8-47E4-8571-6261504A6469}.Release|Any CPU.ActiveCfg = Release|Any CPU
		{8468ABE0-B9D8-47E4-8571-6261504A6469}.Release|Any CPU.Build.0 = Release|Any CPU
		{3DAEEB9F-A4F5-4BF1-9A90-BE2DDA924DDD}.Debug|Any CPU.ActiveCfg = Debug|Any CPU
		{3DAEEB9F-A4F5-4BF1-9A90-BE2DDA924DDD}.Debug|Any CPU.Build.0 = Debug|Any CPU
		{3DAEEB9F-A4F5-4BF1-9A90-BE2DDA924DDD}.Release|Any CPU.ActiveCfg = Release|Any CPU
		{3DAEEB9F-A4F5-4BF1-9A90-BE2DDA924DDD}.Release|Any CPU.Build.0 = Release|Any CPU
		{D95C8A9D-BB8E-426E-A8F9-DEAD24F465CB}.Debug|Any CPU.ActiveCfg = Debug|Any CPU
		{D95C8A9D-BB8E-426E-A8F9-DEAD24F465CB}.Debug|Any CPU.Build.0 = Debug|Any CPU
		{D95C8A9D-BB8E-426E-A8F9-DEAD24F465CB}.Release|Any CPU.ActiveCfg = Release|Any CPU
		{D95C8A9D-BB8E-426E-A8F9-DEAD24F465CB}.Release|Any CPU.Build.0 = Release|Any CPU
		{B1A80CA3-16F3-4C1C-AD11-B9B4953B58A4}.Debug|Any CPU.ActiveCfg = Debug|Any CPU
		{B1A80CA3-16F3-4C1C-AD11-B9B4953B58A4}.Debug|Any CPU.Build.0 = Debug|Any CPU
		{B1A80CA3-16F3-4C1C-AD11-B9B4953B58A4}.Release|Any CPU.ActiveCfg = Release|Any CPU
		{B1A80CA3-16F3-4C1C-AD11-B9B4953B58A4}.Release|Any CPU.Build.0 = Release|Any CPU
		{42F8C9A3-3CD4-4D27-B28B-080D478039C0}.Debug|Any CPU.ActiveCfg = Debug|Any CPU
		{42F8C9A3-3CD4-4D27-B28B-080D478039C0}.Debug|Any CPU.Build.0 = Debug|Any CPU
		{42F8C9A3-3CD4-4D27-B28B-080D478039C0}.Release|Any CPU.ActiveCfg = Release|Any CPU
		{42F8C9A3-3CD4-4D27-B28B-080D478039C0}.Release|Any CPU.Build.0 = Release|Any CPU
		{5F97E532-72D8-4BF9-92B8-2CC1FB6A2E67}.Debug|Any CPU.ActiveCfg = Debug|Any CPU
		{5F97E532-72D8-4BF9-92B8-2CC1FB6A2E67}.Debug|Any CPU.Build.0 = Debug|Any CPU
		{5F97E532-72D8-4BF9-92B8-2CC1FB6A2E67}.Release|Any CPU.ActiveCfg = Release|Any CPU
		{5F97E532-72D8-4BF9-92B8-2CC1FB6A2E67}.Release|Any CPU.Build.0 = Release|Any CPU
		{AC06CB33-D219-4DFE-9F53-98F4D80523C2}.Debug|Any CPU.ActiveCfg = Debug|Any CPU
		{AC06CB33-D219-4DFE-9F53-98F4D80523C2}.Debug|Any CPU.Build.0 = Debug|Any CPU
		{AC06CB33-D219-4DFE-9F53-98F4D80523C2}.Release|Any CPU.ActiveCfg = Release|Any CPU
		{AC06CB33-D219-4DFE-9F53-98F4D80523C2}.Release|Any CPU.Build.0 = Release|Any CPU
		{D04EC31E-7644-41EA-A654-AB21CB3FA851}.Debug|Any CPU.ActiveCfg = Debug|Any CPU
		{D04EC31E-7644-41EA-A654-AB21CB3FA851}.Debug|Any CPU.Build.0 = Debug|Any CPU
		{D04EC31E-7644-41EA-A654-AB21CB3FA851}.Release|Any CPU.ActiveCfg = Release|Any CPU
		{D04EC31E-7644-41EA-A654-AB21CB3FA851}.Release|Any CPU.Build.0 = Release|Any CPU
		{E4A8435B-2831-4490-9A89-94210314A0D3}.Debug|Any CPU.ActiveCfg = Debug|Any CPU
		{E4A8435B-2831-4490-9A89-94210314A0D3}.Debug|Any CPU.Build.0 = Debug|Any CPU
		{E4A8435B-2831-4490-9A89-94210314A0D3}.Release|Any CPU.ActiveCfg = Release|Any CPU
		{E4A8435B-2831-4490-9A89-94210314A0D3}.Release|Any CPU.Build.0 = Release|Any CPU
		{49F3DA0E-8443-4EF2-BEC5-EE850D7AFC69}.Debug|Any CPU.ActiveCfg = Debug|Any CPU
		{49F3DA0E-8443-4EF2-BEC5-EE850D7AFC69}.Debug|Any CPU.Build.0 = Debug|Any CPU
		{49F3DA0E-8443-4EF2-BEC5-EE850D7AFC69}.Release|Any CPU.ActiveCfg = Release|Any CPU
		{49F3DA0E-8443-4EF2-BEC5-EE850D7AFC69}.Release|Any CPU.Build.0 = Release|Any CPU
		{645112AA-7885-4871-A583-7C2E827BD695}.Debug|Any CPU.ActiveCfg = Debug|Any CPU
		{645112AA-7885-4871-A583-7C2E827BD695}.Debug|Any CPU.Build.0 = Debug|Any CPU
		{645112AA-7885-4871-A583-7C2E827BD695}.Release|Any CPU.ActiveCfg = Release|Any CPU
		{645112AA-7885-4871-A583-7C2E827BD695}.Release|Any CPU.Build.0 = Release|Any CPU
		{F5181023-6520-4781-B0CD-4FFB986CEA79}.Debug|Any CPU.ActiveCfg = Debug|Any CPU
		{F5181023-6520-4781-B0CD-4FFB986CEA79}.Debug|Any CPU.Build.0 = Debug|Any CPU
		{F5181023-6520-4781-B0CD-4FFB986CEA79}.Release|Any CPU.ActiveCfg = Release|Any CPU
		{F5181023-6520-4781-B0CD-4FFB986CEA79}.Release|Any CPU.Build.0 = Release|Any CPU
		{E47125A4-9E2C-4302-B6C8-F0BF1EE4B7EE}.Debug|Any CPU.ActiveCfg = Debug|Any CPU
		{E47125A4-9E2C-4302-B6C8-F0BF1EE4B7EE}.Debug|Any CPU.Build.0 = Debug|Any CPU
		{E47125A4-9E2C-4302-B6C8-F0BF1EE4B7EE}.Release|Any CPU.ActiveCfg = Release|Any CPU
		{E47125A4-9E2C-4302-B6C8-F0BF1EE4B7EE}.Release|Any CPU.Build.0 = Release|Any CPU
		{5295689F-6579-4A44-AE3F-897FA390D912}.Debug|Any CPU.ActiveCfg = Debug|Any CPU
		{5295689F-6579-4A44-AE3F-897FA390D912}.Debug|Any CPU.Build.0 = Debug|Any CPU
		{5295689F-6579-4A44-AE3F-897FA390D912}.Release|Any CPU.ActiveCfg = Release|Any CPU
		{5295689F-6579-4A44-AE3F-897FA390D912}.Release|Any CPU.Build.0 = Release|Any CPU
		{A925305D-4D53-4600-93E5-054FD70D9442}.Debug|Any CPU.ActiveCfg = Debug|Any CPU
		{A925305D-4D53-4600-93E5-054FD70D9442}.Debug|Any CPU.Build.0 = Debug|Any CPU
		{A925305D-4D53-4600-93E5-054FD70D9442}.Release|Any CPU.ActiveCfg = Release|Any CPU
		{A925305D-4D53-4600-93E5-054FD70D9442}.Release|Any CPU.Build.0 = Release|Any CPU
		{3F8ABFFF-9A9F-4A76-A75E-D61F2A8BAEC2}.Debug|Any CPU.ActiveCfg = Debug|Any CPU
		{3F8ABFFF-9A9F-4A76-A75E-D61F2A8BAEC2}.Debug|Any CPU.Build.0 = Debug|Any CPU
		{3F8ABFFF-9A9F-4A76-A75E-D61F2A8BAEC2}.Release|Any CPU.ActiveCfg = Release|Any CPU
		{3F8ABFFF-9A9F-4A76-A75E-D61F2A8BAEC2}.Release|Any CPU.Build.0 = Release|Any CPU
		{90EEC4B2-C184-49E7-8406-EB8F2C041983}.Debug|Any CPU.ActiveCfg = Debug|Any CPU
		{90EEC4B2-C184-49E7-8406-EB8F2C041983}.Debug|Any CPU.Build.0 = Debug|Any CPU
		{90EEC4B2-C184-49E7-8406-EB8F2C041983}.Release|Any CPU.ActiveCfg = Release|Any CPU
		{90EEC4B2-C184-49E7-8406-EB8F2C041983}.Release|Any CPU.Build.0 = Release|Any CPU
		{488F2FA9-464C-48ED-BFB9-8E0A0C03926E}.Debug|Any CPU.ActiveCfg = Debug|Any CPU
		{488F2FA9-464C-48ED-BFB9-8E0A0C03926E}.Debug|Any CPU.Build.0 = Debug|Any CPU
		{488F2FA9-464C-48ED-BFB9-8E0A0C03926E}.Release|Any CPU.ActiveCfg = Release|Any CPU
		{488F2FA9-464C-48ED-BFB9-8E0A0C03926E}.Release|Any CPU.Build.0 = Release|Any CPU
		{C5A323A9-8508-4959-8388-D42E9B676E92}.Debug|Any CPU.ActiveCfg = Debug|Any CPU
		{C5A323A9-8508-4959-8388-D42E9B676E92}.Debug|Any CPU.Build.0 = Debug|Any CPU
		{C5A323A9-8508-4959-8388-D42E9B676E92}.Release|Any CPU.ActiveCfg = Release|Any CPU
		{C5A323A9-8508-4959-8388-D42E9B676E92}.Release|Any CPU.Build.0 = Release|Any CPU
		{EA740525-BA1B-47FA-883B-0EC9646E4C58}.Debug|Any CPU.ActiveCfg = Debug|Any CPU
		{EA740525-BA1B-47FA-883B-0EC9646E4C58}.Debug|Any CPU.Build.0 = Debug|Any CPU
		{EA740525-BA1B-47FA-883B-0EC9646E4C58}.Release|Any CPU.ActiveCfg = Release|Any CPU
		{EA740525-BA1B-47FA-883B-0EC9646E4C58}.Release|Any CPU.Build.0 = Release|Any CPU
		{59FCEBF9-E1FC-478D-9DF4-35F6BE1DF8D1}.Debug|Any CPU.ActiveCfg = Debug|Any CPU
		{59FCEBF9-E1FC-478D-9DF4-35F6BE1DF8D1}.Debug|Any CPU.Build.0 = Debug|Any CPU
		{59FCEBF9-E1FC-478D-9DF4-35F6BE1DF8D1}.Release|Any CPU.ActiveCfg = Release|Any CPU
		{59FCEBF9-E1FC-478D-9DF4-35F6BE1DF8D1}.Release|Any CPU.Build.0 = Release|Any CPU
		{948277FB-1CCE-452B-BC4A-9519DE00EAD1}.Debug|Any CPU.ActiveCfg = Debug|Any CPU
		{948277FB-1CCE-452B-BC4A-9519DE00EAD1}.Debug|Any CPU.Build.0 = Debug|Any CPU
		{948277FB-1CCE-452B-BC4A-9519DE00EAD1}.Release|Any CPU.ActiveCfg = Release|Any CPU
		{948277FB-1CCE-452B-BC4A-9519DE00EAD1}.Release|Any CPU.Build.0 = Release|Any CPU
		{8DB34FCD-3072-4164-9830-ACC759BC2BE1}.Debug|Any CPU.ActiveCfg = Debug|Any CPU
		{8DB34FCD-3072-4164-9830-ACC759BC2BE1}.Debug|Any CPU.Build.0 = Debug|Any CPU
		{8DB34FCD-3072-4164-9830-ACC759BC2BE1}.Release|Any CPU.ActiveCfg = Release|Any CPU
		{8DB34FCD-3072-4164-9830-ACC759BC2BE1}.Release|Any CPU.Build.0 = Release|Any CPU
		{3D19805E-74A5-47D6-A7FE-3242A7648AC5}.Debug|Any CPU.ActiveCfg = Debug|Any CPU
		{3D19805E-74A5-47D6-A7FE-3242A7648AC5}.Debug|Any CPU.Build.0 = Debug|Any CPU
		{3D19805E-74A5-47D6-A7FE-3242A7648AC5}.Release|Any CPU.ActiveCfg = Release|Any CPU
		{3D19805E-74A5-47D6-A7FE-3242A7648AC5}.Release|Any CPU.Build.0 = Release|Any CPU
		{4A9AB665-2391-4C93-A495-6CED96D4CD6E}.Debug|Any CPU.ActiveCfg = Debug|Any CPU
		{4A9AB665-2391-4C93-A495-6CED96D4CD6E}.Debug|Any CPU.Build.0 = Debug|Any CPU
		{4A9AB665-2391-4C93-A495-6CED96D4CD6E}.Release|Any CPU.ActiveCfg = Release|Any CPU
		{4A9AB665-2391-4C93-A495-6CED96D4CD6E}.Release|Any CPU.Build.0 = Release|Any CPU
	EndGlobalSection
	GlobalSection(SolutionProperties) = preSolution
		HideSolutionNode = FALSE
	EndGlobalSection
	GlobalSection(NestedProjects) = preSolution
		{B39A4A2C-FAB9-4273-B204-0D4ECD18A6E1} = {488115CE-65DA-405A-A365-4F4254166103}
		{CA028E26-1102-4079-9A88-AED7076BB037} = {488115CE-65DA-405A-A365-4F4254166103}
		{2538C8B9-5386-482E-80B5-104AE77E42E9} = {488115CE-65DA-405A-A365-4F4254166103}
		{04DEDFEB-DABE-4701-914A-8582C718BDFD} = {488115CE-65DA-405A-A365-4F4254166103}
		{E0913A76-BF5C-4BB4-AC36-2ADE631D6ACF} = {488115CE-65DA-405A-A365-4F4254166103}
		{99C7C842-99F2-4D00-8E67-1FB26C211B99} = {488115CE-65DA-405A-A365-4F4254166103}
		{65C6ACE9-5898-4339-BD62-F9435E467EFF} = {B15ED4D1-C71B-4216-A981-3861EBD55597}
		{65948AEA-F492-48D5-9980-80FC9CB87D30} = {B15ED4D1-C71B-4216-A981-3861EBD55597}
		{EEF678DC-1EFB-40D5-881C-C1A052140E30} = {B15ED4D1-C71B-4216-A981-3861EBD55597}
		{7656A9DE-0F5B-4648-8DBE-63B90A2C0E27} = {C0A74FF6-1325-4FF2-9A45-589A578CC56E}
		{373393E2-A373-42A2-9F68-185D43FCE090} = {488115CE-65DA-405A-A365-4F4254166103}
		{D9C1E7E4-C216-4DD8-8B38-BB8A361686A4} = {488115CE-65DA-405A-A365-4F4254166103}
		{8468ABE0-B9D8-47E4-8571-6261504A6469} = {488115CE-65DA-405A-A365-4F4254166103}
		{3DAEEB9F-A4F5-4BF1-9A90-BE2DDA924DDD} = {488115CE-65DA-405A-A365-4F4254166103}
		{D95C8A9D-BB8E-426E-A8F9-DEAD24F465CB} = {488115CE-65DA-405A-A365-4F4254166103}
		{B1A80CA3-16F3-4C1C-AD11-B9B4953B58A4} = {488115CE-65DA-405A-A365-4F4254166103}
		{42F8C9A3-3CD4-4D27-B28B-080D478039C0} = {488115CE-65DA-405A-A365-4F4254166103}
		{5F97E532-72D8-4BF9-92B8-2CC1FB6A2E67} = {488115CE-65DA-405A-A365-4F4254166103}
		{AC06CB33-D219-4DFE-9F53-98F4D80523C2} = {6E15F60D-F618-439D-AEF5-518D2D2CC47F}
		{D04EC31E-7644-41EA-A654-AB21CB3FA851} = {6E15F60D-F618-439D-AEF5-518D2D2CC47F}
		{E4A8435B-2831-4490-9A89-94210314A0D3} = {6E15F60D-F618-439D-AEF5-518D2D2CC47F}
		{49F3DA0E-8443-4EF2-BEC5-EE850D7AFC69} = {488115CE-65DA-405A-A365-4F4254166103}
		{645112AA-7885-4871-A583-7C2E827BD695} = {488115CE-65DA-405A-A365-4F4254166103}
		{F5181023-6520-4781-B0CD-4FFB986CEA79} = {488115CE-65DA-405A-A365-4F4254166103}
		{E47125A4-9E2C-4302-B6C8-F0BF1EE4B7EE} = {488115CE-65DA-405A-A365-4F4254166103}
		{5295689F-6579-4A44-AE3F-897FA390D912} = {488115CE-65DA-405A-A365-4F4254166103}
		{A925305D-4D53-4600-93E5-054FD70D9442} = {488115CE-65DA-405A-A365-4F4254166103}
		{3F8ABFFF-9A9F-4A76-A75E-D61F2A8BAEC2} = {488115CE-65DA-405A-A365-4F4254166103}
		{90EEC4B2-C184-49E7-8406-EB8F2C041983} = {488115CE-65DA-405A-A365-4F4254166103}
		{488F2FA9-464C-48ED-BFB9-8E0A0C03926E} = {6E15F60D-F618-439D-AEF5-518D2D2CC47F}
		{C5A323A9-8508-4959-8388-D42E9B676E92} = {6A60AE22-956C-47B2-886C-1C3D85B7D92D}
		{EA740525-BA1B-47FA-883B-0EC9646E4C58} = {6A60AE22-956C-47B2-886C-1C3D85B7D92D}
		{59FCEBF9-E1FC-478D-9DF4-35F6BE1DF8D1} = {6A60AE22-956C-47B2-886C-1C3D85B7D92D}
		{948277FB-1CCE-452B-BC4A-9519DE00EAD1} = {6A60AE22-956C-47B2-886C-1C3D85B7D92D}
		{8DB34FCD-3072-4164-9830-ACC759BC2BE1} = {6A60AE22-956C-47B2-886C-1C3D85B7D92D}
		{2465EEB9-45E8-4963-8541-57D0029C9B24} = {6A60AE22-956C-47B2-886C-1C3D85B7D92D}
		{3D19805E-74A5-47D6-A7FE-3242A7648AC5} = {2465EEB9-45E8-4963-8541-57D0029C9B24}
		{4A9AB665-2391-4C93-A495-6CED96D4CD6E} = {6A60AE22-956C-47B2-886C-1C3D85B7D92D}
	EndGlobalSection
	GlobalSection(ExtensibilityGlobals) = postSolution
		SolutionGuid = {B208347E-B03D-45A9-8602-E963B8E08F13}
	EndGlobalSection
EndGlobal
