
Microsoft Visual Studio Solution File, Format Version 12.00
# Visual Studio Version 17
VisualStudioVersion = 17.5.33530.505
MinimumVisualStudioVersion = 10.0.40219.1
Project("{2150E333-8FDC-42A3-9474-1A3956D46DE8}") = "MVC", "MVC", "{488115CE-65DA-405A-A365-4F4254166103}"
EndProject
Project("{9A19103F-16F7-4668-BE54-9A1E7A4F7556}") = "Lesson002_Routing", "MVC\Lesson002_Routing\Lesson002_Routing.csproj", "{B39A4A2C-FAB9-4273-B204-0D4ECD18A6E1}"
EndProject
Project("{9A19103F-16F7-4668-BE54-9A1E7A4F7556}") = "Lesson001_Middleware", "MVC\Lesson001_Middleware\Lesson001_Middleware.csproj", "{CA028E26-1102-4079-9A88-AED7076BB037}"
EndProject
Project("{9A19103F-16F7-4668-BE54-9A1E7A4F7556}") = "Lesson003_DependencyInjection", "MVC\Lesson003_DependencyInjection\Lesson003_DependencyInjection.csproj", "{2538C8B9-5386-482E-80B5-104AE77E42E9}"
EndProject
Project("{FAE04EC0-301F-11D3-BF4B-00C04F79EFBC}") = "Lesson003_Autofac", "MVC\Lesson003_Autofac\Lesson003_Autofac.csproj", "{04DEDFEB-DABE-4701-914A-8582C718BDFD}"
EndProject
Project("{FAE04EC0-301F-11D3-BF4B-00C04F79EFBC}") = "Lesson004_Configuration", "MVC\Lesson004_Configuration\Lesson004_Configuration.csproj", "{E0913A76-BF5C-4BB4-AC36-2ADE631D6ACF}"
EndProject
Project("{FAE04EC0-301F-11D3-BF4B-00C04F79EFBC}") = "Lesson004_Configuration_Secret", "MVC\Lesson004_Configuration_Secret\Lesson004_Configuration_Secret.csproj", "{99C7C842-99F2-4D00-8E67-1FB26C211B99}"
EndProject
Project("{2150E333-8FDC-42A3-9474-1A3956D46DE8}") = "CSharp", "CSharp", "{B15ED4D1-C71B-4216-A981-3861EBD55597}"
EndProject
Global
	GlobalSection(SolutionConfigurationPlatforms) = preSolution
		Debug|Any CPU = Debug|Any CPU
		Release|Any CPU = Release|Any CPU
	EndGlobalSection
	GlobalSection(ProjectConfigurationPlatforms) = postSolution
		{B39A4A2C-FAB9-4273-B204-0D4ECD18A6E1}.Debug|Any CPU.ActiveCfg = Debug|Any CPU
		{B39A4A2C-FAB9-4273-B204-0D4ECD18A6E1}.Debug|Any CPU.Build.0 = Debug|Any CPU
		{B39A4A2C-FAB9-4273-B204-0D4ECD18A6E1}.Release|Any CPU.ActiveCfg = Release|Any CPU
		{B39A4A2C-FAB9-4273-B204-0D4ECD18A6E1}.Release|Any CPU.Build.0 = Release|Any CPU
		{CA028E26-1102-4079-9A88-AED7076BB037}.Debug|Any CPU.ActiveCfg = Debug|Any CPU
		{CA028E26-1102-4079-9A88-AED7076BB037}.Debug|Any CPU.Build.0 = Debug|Any CPU
		{CA028E26-1102-4079-9A88-AED7076BB037}.Release|Any CPU.ActiveCfg = Release|Any CPU
		{CA028E26-1102-4079-9A88-AED7076BB037}.Release|Any CPU.Build.0 = Release|Any CPU
		{2538C8B9-5386-482E-80B5-104AE77E42E9}.Debug|Any CPU.ActiveCfg = Debug|Any CPU
		{2538C8B9-5386-482E-80B5-104AE77E42E9}.Debug|Any CPU.Build.0 = Debug|Any CPU
		{2538C8B9-5386-482E-80B5-104AE77E42E9}.Release|Any CPU.ActiveCfg = Release|Any CPU
		{2538C8B9-5386-482E-80B5-104AE77E42E9}.Release|Any CPU.Build.0 = Release|Any CPU
		{04DEDFEB-DABE-4701-914A-8582C718BDFD}.Debug|Any CPU.ActiveCfg = Debug|Any CPU
		{04DEDFEB-DABE-4701-914A-8582C718BDFD}.Debug|Any CPU.Build.0 = Debug|Any CPU
		{04DEDFEB-DABE-4701-914A-8582C718BDFD}.Release|Any CPU.ActiveCfg = Release|Any CPU
		{04DEDFEB-DABE-4701-914A-8582C718BDFD}.Release|Any CPU.Build.0 = Release|Any CPU
		{E0913A76-BF5C-4BB4-AC36-2ADE631D6ACF}.Debug|Any CPU.ActiveCfg = Debug|Any CPU
		{E0913A76-BF5C-4BB4-AC36-2ADE631D6ACF}.Debug|Any CPU.Build.0 = Debug|Any CPU
		{E0913A76-BF5C-4BB4-AC36-2ADE631D6ACF}.Release|Any CPU.ActiveCfg = Release|Any CPU
		{E0913A76-BF5C-4BB4-AC36-2ADE631D6ACF}.Release|Any CPU.Build.0 = Release|Any CPU
		{99C7C842-99F2-4D00-8E67-1FB26C211B99}.Debug|Any CPU.ActiveCfg = Debug|Any CPU
		{99C7C842-99F2-4D00-8E67-1FB26C211B99}.Debug|Any CPU.Build.0 = Debug|Any CPU
		{99C7C842-99F2-4D00-8E67-1FB26C211B99}.Release|Any CPU.ActiveCfg = Release|Any CPU
		{99C7C842-99F2-4D00-8E67-1FB26C211B99}.Release|Any CPU.Build.0 = Release|Any CPU
	EndGlobalSection
	GlobalSection(SolutionProperties) = preSolution
		HideSolutionNode = FALSE
	EndGlobalSection
	GlobalSection(NestedProjects) = preSolution
		{B39A4A2C-FAB9-4273-B204-0D4ECD18A6E1} = {488115CE-65DA-405A-A365-4F4254166103}
		{CA028E26-1102-4079-9A88-AED7076BB037} = {488115CE-65DA-405A-A365-4F4254166103}
		{2538C8B9-5386-482E-80B5-104AE77E42E9} = {488115CE-65DA-405A-A365-4F4254166103}
		{04DEDFEB-DABE-4701-914A-8582C718BDFD} = {488115CE-65DA-405A-A365-4F4254166103}
		{E0913A76-BF5C-4BB4-AC36-2ADE631D6ACF} = {488115CE-65DA-405A-A365-4F4254166103}
		{99C7C842-99F2-4D00-8E67-1FB26C211B99} = {488115CE-65DA-405A-A365-4F4254166103}
	EndGlobalSection
	GlobalSection(ExtensibilityGlobals) = postSolution
		SolutionGuid = {B208347E-B03D-45A9-8602-E963B8E08F13}
	EndGlobalSection
EndGlobal
